// !$*UTF8*$!
{
	archiveVersion = 1;
	classes = {
	};
	objectVersion = 56;
	objects = {

/* Begin PBXBuildFile section */
		A70A34F12A8803B300A2671C /* SettingsViewModel.swift in Sources */ = {isa = PBXBuildFile; fileRef = A70A34F02A8803B300A2671C /* SettingsViewModel.swift */; };
		A7112D012A862AAB00091ECC /* ThaiDaiApp.swift in Sources */ = {isa = PBXBuildFile; fileRef = A7112D002A862AAB00091ECC /* ThaiDaiApp.swift */; };
		A7112D032A862AAB00091ECC /* AppView.swift in Sources */ = {isa = PBXBuildFile; fileRef = A7112D022A862AAB00091ECC /* AppView.swift */; };
		A7112D052A862AAC00091ECC /* Assets.xcassets in Resources */ = {isa = PBXBuildFile; fileRef = A7112D042A862AAC00091ECC /* Assets.xcassets */; };
		A7112D092A862AAC00091ECC /* Preview Assets.xcassets in Resources */ = {isa = PBXBuildFile; fileRef = A7112D082A862AAC00091ECC /* Preview Assets.xcassets */; };
		A7112D112A862BE900091ECC /* Word.swift in Sources */ = {isa = PBXBuildFile; fileRef = A7112D102A862BE900091ECC /* Word.swift */; };
		A7112D142A862C2200091ECC /* WordsViewModel.swift in Sources */ = {isa = PBXBuildFile; fileRef = A7112D132A862C2200091ECC /* WordsViewModel.swift */; };
		A7112D172A862CD200091ECC /* WordsView.swift in Sources */ = {isa = PBXBuildFile; fileRef = A7112D162A862CD100091ECC /* WordsView.swift */; };
		A7112D192A862D1E00091ECC /* CellEnglish.swift in Sources */ = {isa = PBXBuildFile; fileRef = A7112D182A862D1E00091ECC /* CellEnglish.swift */; };
		A7112D1C2A862E3800091ECC /* View+.swift in Sources */ = {isa = PBXBuildFile; fileRef = A7112D1B2A862E3800091ECC /* View+.swift */; };
		A7112D202A863BC400091ECC /* NumbersView.swift in Sources */ = {isa = PBXBuildFile; fileRef = A7112D1F2A863BC400091ECC /* NumbersView.swift */; };
		A71E79B72AA907C100AE4062 /* tenses.json in Resources */ = {isa = PBXBuildFile; fileRef = A71E79B52AA907B200AE4062 /* tenses.json */; };
		A71E79B82AA907C500AE4062 /* tones.json in Resources */ = {isa = PBXBuildFile; fileRef = A71E79B32AA9076C00AE4062 /* tones.json */; };
		A71E79BE2AA9080D00AE4062 /* daysoftheweek.json in Resources */ = {isa = PBXBuildFile; fileRef = A71E79BC2AA9080000AE4062 /* daysoftheweek.json */; };
		A71E79C42AA9086D00AE4062 /* verbs.json in Resources */ = {isa = PBXBuildFile; fileRef = A71E79C22AA9086000AE4062 /* verbs.json */; };
		A743BD8E2AA97DEB00526271 /* BuilderWordsView.swift in Sources */ = {isa = PBXBuildFile; fileRef = A743BD8D2AA97DEB00526271 /* BuilderWordsView.swift */; };
		A743BD902AA97E1500526271 /* BuilderWordsViewModel.swift in Sources */ = {isa = PBXBuildFile; fileRef = A743BD8F2AA97E1500526271 /* BuilderWordsViewModel.swift */; };
		A743BD912AA9808500526271 /* adjectives.json in Resources */ = {isa = PBXBuildFile; fileRef = A71E79BF2AA9083100AE4062 /* adjectives.json */; };
		A743BD932AA987BB00526271 /* BuilderWords.swift in Sources */ = {isa = PBXBuildFile; fileRef = A743BD922AA987BB00526271 /* BuilderWords.swift */; };
		A743BD942AA9887F00526271 /* pronouns.json in Resources */ = {isa = PBXBuildFile; fileRef = A71E79B92AA907E000AE4062 /* pronouns.json */; };
		A743BD962AA98BF900526271 /* PhraseType.swift in Sources */ = {isa = PBXBuildFile; fileRef = A743BD952AA98BF900526271 /* PhraseType.swift */; };
		A743BD982AA9961C00526271 /* SearchView.swift in Sources */ = {isa = PBXBuildFile; fileRef = A743BD972AA9961C00526271 /* SearchView.swift */; };
		A743BD9A2AA9965D00526271 /* SearchViewModel.swift in Sources */ = {isa = PBXBuildFile; fileRef = A743BD992AA9965D00526271 /* SearchViewModel.swift */; };
		A751B3832AD413BB00C00781 /* questions.json in Resources */ = {isa = PBXBuildFile; fileRef = A71E79C52AA9088700AE4062 /* questions.json */; };
		A751B3842AD413BF00C00781 /* phrases.json in Resources */ = {isa = PBXBuildFile; fileRef = A70A34F42A880B3100A2671C /* phrases.json */; };
		A751B3852AD4171200C00781 /* sentences.json in Resources */ = {isa = PBXBuildFile; fileRef = A751B3812AD4126100C00781 /* sentences.json */; };
		A751B3862AD41A1E00C00781 /* colors.json in Resources */ = {isa = PBXBuildFile; fileRef = A751B37F2AD4123300C00781 /* colors.json */; };
		A75A4F662A87E37B007AD5AF /* WordLevels.swift in Sources */ = {isa = PBXBuildFile; fileRef = A75A4F652A87E37B007AD5AF /* WordLevels.swift */; };
		A75A4F682A87E4F2007AD5AF /* SectionCell.swift in Sources */ = {isa = PBXBuildFile; fileRef = A75A4F672A87E4F2007AD5AF /* SectionCell.swift */; };
		A75A4F6A2A87E954007AD5AF /* LevelsCell.swift in Sources */ = {isa = PBXBuildFile; fileRef = A75A4F692A87E954007AD5AF /* LevelsCell.swift */; };
		A75A4F6C2A87ECCD007AD5AF /* LevelsSectionView.swift in Sources */ = {isa = PBXBuildFile; fileRef = A75A4F6B2A87ECCD007AD5AF /* LevelsSectionView.swift */; };
		A7607F0F2AA9BF1000C5FAB5 /* TonesView.swift in Sources */ = {isa = PBXBuildFile; fileRef = A7607F0E2AA9BF1000C5FAB5 /* TonesView.swift */; };
		A7607F112AA9BF2400C5FAB5 /* TonesViewModel.swift in Sources */ = {isa = PBXBuildFile; fileRef = A7607F102AA9BF2400C5FAB5 /* TonesViewModel.swift */; };
		A76D267C2AAB336500126F32 /* TabItems.swift in Sources */ = {isa = PBXBuildFile; fileRef = A76D267B2AAB336500126F32 /* TabItems.swift */; };
		A795F7BA2A863C9B007BF2FD /* NumbersViewModel.swift in Sources */ = {isa = PBXBuildFile; fileRef = A795F7B92A863C9B007BF2FD /* NumbersViewModel.swift */; };
		A795F7BC2A863CBB007BF2FD /* BaseViewModel.swift in Sources */ = {isa = PBXBuildFile; fileRef = A795F7BB2A863CBB007BF2FD /* BaseViewModel.swift */; };
		A795F7C12A863E03007BF2FD /* PhrasesView.swift in Sources */ = {isa = PBXBuildFile; fileRef = A795F7C02A863E03007BF2FD /* PhrasesView.swift */; };
		A795F7C32A863E0E007BF2FD /* PhrasesViewModel.swift in Sources */ = {isa = PBXBuildFile; fileRef = A795F7C22A863E0E007BF2FD /* PhrasesViewModel.swift */; };
		A795F7E62A86655D007BF2FD /* CellThai.swift in Sources */ = {isa = PBXBuildFile; fileRef = A795F7E52A86655D007BF2FD /* CellThai.swift */; };
		A795F7E82A866582007BF2FD /* Language.swift in Sources */ = {isa = PBXBuildFile; fileRef = A795F7E72A866582007BF2FD /* Language.swift */; };
		A795F7EC2A866726007BF2FD /* CellCard.swift in Sources */ = {isa = PBXBuildFile; fileRef = A795F7EB2A866726007BF2FD /* CellCard.swift */; };
		A795F7EF2A866C39007BF2FD /* SectionView.swift in Sources */ = {isa = PBXBuildFile; fileRef = A795F7EE2A866C39007BF2FD /* SectionView.swift */; };
		A795F7F12A867EF7007BF2FD /* HeaderBar.swift in Sources */ = {isa = PBXBuildFile; fileRef = A795F7F02A867EF7007BF2FD /* HeaderBar.swift */; };
		A795F7F32A868203007BF2FD /* Text+.swift in Sources */ = {isa = PBXBuildFile; fileRef = A795F7F22A868203007BF2FD /* Text+.swift */; };
		A795F7F82A868D03007BF2FD /* Bundle+.swift in Sources */ = {isa = PBXBuildFile; fileRef = A795F7F72A868D03007BF2FD /* Bundle+.swift */; };
		A795F7F92A868F96007BF2FD /* words.json in Resources */ = {isa = PBXBuildFile; fileRef = A795F7F52A868CD4007BF2FD /* words.json */; };
		A797CD5F2A87BBB200AC790B /* Color+.swift in Sources */ = {isa = PBXBuildFile; fileRef = A797CD5E2A87BBB200AC790B /* Color+.swift */; };
		A797CD612A87BE1600AC790B /* SettingsView.swift in Sources */ = {isa = PBXBuildFile; fileRef = A797CD602A87BE1600AC790B /* SettingsView.swift */; };
		A797CD812A87C54B00AC790B /* SwipeContainerCell.swift in Sources */ = {isa = PBXBuildFile; fileRef = A797CD802A87C54B00AC790B /* SwipeContainerCell.swift */; };
		A797CD832A87CCA800AC790B /* CellButtons.swift in Sources */ = {isa = PBXBuildFile; fileRef = A797CD822A87CCA800AC790B /* CellButtons.swift */; };
		A797CD862A87CF4200AC790B /* FileKeys.swift in Sources */ = {isa = PBXBuildFile; fileRef = A797CD852A87CF4200AC790B /* FileKeys.swift */; };
		A7BCB0932A8D2A700053415E /* numbers.json in Resources */ = {isa = PBXBuildFile; fileRef = A70A34F22A880B1700A2671C /* numbers.json */; };
/* End PBXBuildFile section */

/* Begin PBXFileReference section */
		A70A34F02A8803B300A2671C /* SettingsViewModel.swift */ = {isa = PBXFileReference; lastKnownFileType = sourcecode.swift; path = SettingsViewModel.swift; sourceTree = "<group>"; };
		A70A34F22A880B1700A2671C /* numbers.json */ = {isa = PBXFileReference; lastKnownFileType = text.json; path = numbers.json; sourceTree = "<group>"; };
		A70A34F42A880B3100A2671C /* phrases.json */ = {isa = PBXFileReference; lastKnownFileType = text.json; path = phrases.json; sourceTree = "<group>"; };
		A7112CFD2A862AAB00091ECC /* ThaiDai.app */ = {isa = PBXFileReference; explicitFileType = wrapper.application; includeInIndex = 0; path = ThaiDai.app; sourceTree = BUILT_PRODUCTS_DIR; };
		A7112D002A862AAB00091ECC /* ThaiDaiApp.swift */ = {isa = PBXFileReference; lastKnownFileType = sourcecode.swift; path = ThaiDaiApp.swift; sourceTree = "<group>"; };
		A7112D022A862AAB00091ECC /* AppView.swift */ = {isa = PBXFileReference; lastKnownFileType = sourcecode.swift; path = AppView.swift; sourceTree = "<group>"; };
		A7112D042A862AAC00091ECC /* Assets.xcassets */ = {isa = PBXFileReference; lastKnownFileType = folder.assetcatalog; path = Assets.xcassets; sourceTree = "<group>"; };
		A7112D062A862AAC00091ECC /* ThaiDai.entitlements */ = {isa = PBXFileReference; lastKnownFileType = text.plist.entitlements; path = ThaiDai.entitlements; sourceTree = "<group>"; };
		A7112D082A862AAC00091ECC /* Preview Assets.xcassets */ = {isa = PBXFileReference; lastKnownFileType = folder.assetcatalog; path = "Preview Assets.xcassets"; sourceTree = "<group>"; };
		A7112D102A862BE900091ECC /* Word.swift */ = {isa = PBXFileReference; lastKnownFileType = sourcecode.swift; path = Word.swift; sourceTree = "<group>"; };
		A7112D132A862C2200091ECC /* WordsViewModel.swift */ = {isa = PBXFileReference; lastKnownFileType = sourcecode.swift; path = WordsViewModel.swift; sourceTree = "<group>"; };
		A7112D162A862CD100091ECC /* WordsView.swift */ = {isa = PBXFileReference; lastKnownFileType = sourcecode.swift; path = WordsView.swift; sourceTree = "<group>"; };
		A7112D182A862D1E00091ECC /* CellEnglish.swift */ = {isa = PBXFileReference; lastKnownFileType = sourcecode.swift; path = CellEnglish.swift; sourceTree = "<group>"; };
		A7112D1B2A862E3800091ECC /* View+.swift */ = {isa = PBXFileReference; lastKnownFileType = sourcecode.swift; path = "View+.swift"; sourceTree = "<group>"; };
		A7112D1F2A863BC400091ECC /* NumbersView.swift */ = {isa = PBXFileReference; lastKnownFileType = sourcecode.swift; path = NumbersView.swift; sourceTree = "<group>"; };
		A71E79B32AA9076C00AE4062 /* tones.json */ = {isa = PBXFileReference; lastKnownFileType = text.json; path = tones.json; sourceTree = "<group>"; };
		A71E79B52AA907B200AE4062 /* tenses.json */ = {isa = PBXFileReference; lastKnownFileType = text.json; path = tenses.json; sourceTree = "<group>"; };
		A71E79B92AA907E000AE4062 /* pronouns.json */ = {isa = PBXFileReference; lastKnownFileType = text.json; path = pronouns.json; sourceTree = "<group>"; };
		A71E79BC2AA9080000AE4062 /* daysoftheweek.json */ = {isa = PBXFileReference; lastKnownFileType = text.json; path = daysoftheweek.json; sourceTree = "<group>"; };
		A71E79BF2AA9083100AE4062 /* adjectives.json */ = {isa = PBXFileReference; lastKnownFileType = text.json; path = adjectives.json; sourceTree = "<group>"; };
		A71E79C22AA9086000AE4062 /* verbs.json */ = {isa = PBXFileReference; lastKnownFileType = text.json; path = verbs.json; sourceTree = "<group>"; };
		A71E79C52AA9088700AE4062 /* questions.json */ = {isa = PBXFileReference; lastKnownFileType = text.json; path = questions.json; sourceTree = "<group>"; };
		A743BD8D2AA97DEB00526271 /* BuilderWordsView.swift */ = {isa = PBXFileReference; lastKnownFileType = sourcecode.swift; path = BuilderWordsView.swift; sourceTree = "<group>"; };
		A743BD8F2AA97E1500526271 /* BuilderWordsViewModel.swift */ = {isa = PBXFileReference; lastKnownFileType = sourcecode.swift; path = BuilderWordsViewModel.swift; sourceTree = "<group>"; };
		A743BD922AA987BB00526271 /* BuilderWords.swift */ = {isa = PBXFileReference; lastKnownFileType = sourcecode.swift; path = BuilderWords.swift; sourceTree = "<group>"; };
		A743BD952AA98BF900526271 /* PhraseType.swift */ = {isa = PBXFileReference; lastKnownFileType = sourcecode.swift; path = PhraseType.swift; sourceTree = "<group>"; };
		A743BD972AA9961C00526271 /* SearchView.swift */ = {isa = PBXFileReference; lastKnownFileType = sourcecode.swift; path = SearchView.swift; sourceTree = "<group>"; };
		A743BD992AA9965D00526271 /* SearchViewModel.swift */ = {isa = PBXFileReference; lastKnownFileType = sourcecode.swift; path = SearchViewModel.swift; sourceTree = "<group>"; };
		A751B37F2AD4123300C00781 /* colors.json */ = {isa = PBXFileReference; lastKnownFileType = text.json; path = colors.json; sourceTree = "<group>"; };
		A751B3812AD4126100C00781 /* sentences.json */ = {isa = PBXFileReference; lastKnownFileType = text.json; path = sentences.json; sourceTree = "<group>"; };
		A75A4F652A87E37B007AD5AF /* WordLevels.swift */ = {isa = PBXFileReference; lastKnownFileType = sourcecode.swift; path = WordLevels.swift; sourceTree = "<group>"; };
		A75A4F672A87E4F2007AD5AF /* SectionCell.swift */ = {isa = PBXFileReference; lastKnownFileType = sourcecode.swift; path = SectionCell.swift; sourceTree = "<group>"; };
		A75A4F692A87E954007AD5AF /* LevelsCell.swift */ = {isa = PBXFileReference; lastKnownFileType = sourcecode.swift; path = LevelsCell.swift; sourceTree = "<group>"; };
		A75A4F6B2A87ECCD007AD5AF /* LevelsSectionView.swift */ = {isa = PBXFileReference; lastKnownFileType = sourcecode.swift; path = LevelsSectionView.swift; sourceTree = "<group>"; };
		A7607F0E2AA9BF1000C5FAB5 /* TonesView.swift */ = {isa = PBXFileReference; lastKnownFileType = sourcecode.swift; path = TonesView.swift; sourceTree = "<group>"; };
		A7607F102AA9BF2400C5FAB5 /* TonesViewModel.swift */ = {isa = PBXFileReference; lastKnownFileType = sourcecode.swift; path = TonesViewModel.swift; sourceTree = "<group>"; };
		A76D267B2AAB336500126F32 /* TabItems.swift */ = {isa = PBXFileReference; lastKnownFileType = sourcecode.swift; path = TabItems.swift; sourceTree = "<group>"; };
		A795F7B92A863C9B007BF2FD /* NumbersViewModel.swift */ = {isa = PBXFileReference; lastKnownFileType = sourcecode.swift; path = NumbersViewModel.swift; sourceTree = "<group>"; };
		A795F7BB2A863CBB007BF2FD /* BaseViewModel.swift */ = {isa = PBXFileReference; lastKnownFileType = sourcecode.swift; path = BaseViewModel.swift; sourceTree = "<group>"; };
		A795F7C02A863E03007BF2FD /* PhrasesView.swift */ = {isa = PBXFileReference; lastKnownFileType = sourcecode.swift; path = PhrasesView.swift; sourceTree = "<group>"; };
		A795F7C22A863E0E007BF2FD /* PhrasesViewModel.swift */ = {isa = PBXFileReference; lastKnownFileType = sourcecode.swift; path = PhrasesViewModel.swift; sourceTree = "<group>"; };
		A795F7E52A86655D007BF2FD /* CellThai.swift */ = {isa = PBXFileReference; lastKnownFileType = sourcecode.swift; path = CellThai.swift; sourceTree = "<group>"; };
		A795F7E72A866582007BF2FD /* Language.swift */ = {isa = PBXFileReference; lastKnownFileType = sourcecode.swift; path = Language.swift; sourceTree = "<group>"; };
		A795F7EB2A866726007BF2FD /* CellCard.swift */ = {isa = PBXFileReference; lastKnownFileType = sourcecode.swift; path = CellCard.swift; sourceTree = "<group>"; };
		A795F7EE2A866C39007BF2FD /* SectionView.swift */ = {isa = PBXFileReference; lastKnownFileType = sourcecode.swift; path = SectionView.swift; sourceTree = "<group>"; };
		A795F7F02A867EF7007BF2FD /* HeaderBar.swift */ = {isa = PBXFileReference; lastKnownFileType = sourcecode.swift; path = HeaderBar.swift; sourceTree = "<group>"; };
		A795F7F22A868203007BF2FD /* Text+.swift */ = {isa = PBXFileReference; lastKnownFileType = sourcecode.swift; path = "Text+.swift"; sourceTree = "<group>"; };
		A795F7F52A868CD4007BF2FD /* words.json */ = {isa = PBXFileReference; lastKnownFileType = text.json; path = words.json; sourceTree = "<group>"; };
		A795F7F72A868D03007BF2FD /* Bundle+.swift */ = {isa = PBXFileReference; lastKnownFileType = sourcecode.swift; path = "Bundle+.swift"; sourceTree = "<group>"; };
		A797CD5E2A87BBB200AC790B /* Color+.swift */ = {isa = PBXFileReference; lastKnownFileType = sourcecode.swift; path = "Color+.swift"; sourceTree = "<group>"; };
		A797CD602A87BE1600AC790B /* SettingsView.swift */ = {isa = PBXFileReference; lastKnownFileType = sourcecode.swift; path = SettingsView.swift; sourceTree = "<group>"; };
		A797CD802A87C54B00AC790B /* SwipeContainerCell.swift */ = {isa = PBXFileReference; lastKnownFileType = sourcecode.swift; path = SwipeContainerCell.swift; sourceTree = "<group>"; };
		A797CD822A87CCA800AC790B /* CellButtons.swift */ = {isa = PBXFileReference; lastKnownFileType = sourcecode.swift; path = CellButtons.swift; sourceTree = "<group>"; };
		A797CD852A87CF4200AC790B /* FileKeys.swift */ = {isa = PBXFileReference; lastKnownFileType = sourcecode.swift; path = FileKeys.swift; sourceTree = "<group>"; };
/* End PBXFileReference section */

/* Begin PBXFrameworksBuildPhase section */
		A7112CFA2A862AAB00091ECC /* Frameworks */ = {
			isa = PBXFrameworksBuildPhase;
			buildActionMask = 2147483647;
			files = (
			);
			runOnlyForDeploymentPostprocessing = 0;
		};
/* End PBXFrameworksBuildPhase section */

/* Begin PBXGroup section */
		A7112CF42A862AAB00091ECC = {
			isa = PBXGroup;
			children = (
				A7112CFF2A862AAB00091ECC /* ThaiDai */,
				A7112CFE2A862AAB00091ECC /* Products */,
			);
			sourceTree = "<group>";
		};
		A7112CFE2A862AAB00091ECC /* Products */ = {
			isa = PBXGroup;
			children = (
				A7112CFD2A862AAB00091ECC /* ThaiDai.app */,
			);
			name = Products;
			sourceTree = "<group>";
		};
		A7112CFF2A862AAB00091ECC /* ThaiDai */ = {
			isa = PBXGroup;
			children = (
				A7112D062A862AAC00091ECC /* ThaiDai.entitlements */,
				A7112D022A862AAB00091ECC /* AppView.swift */,
				A7112D002A862AAB00091ECC /* ThaiDaiApp.swift */,
				A7112D042A862AAC00091ECC /* Assets.xcassets */,
				A795F7F42A868CC2007BF2FD /* Data */,
				A7112D1A2A862E2D00091ECC /* Ext */,
				A7112D0F2A862BDF00091ECC /* Models */,
				A7112D072A862AAC00091ECC /* Preview Content */,
				A7112D122A862BFB00091ECC /* ViewModels */,
				A7112D152A862CC300091ECC /* Views */,
			);
			path = ThaiDai;
			sourceTree = "<group>";
		};
		A7112D072A862AAC00091ECC /* Preview Content */ = {
			isa = PBXGroup;
			children = (
				A7112D082A862AAC00091ECC /* Preview Assets.xcassets */,
			);
			path = "Preview Content";
			sourceTree = "<group>";
		};
		A7112D0F2A862BDF00091ECC /* Models */ = {
			isa = PBXGroup;
			children = (
				A797CD852A87CF4200AC790B /* FileKeys.swift */,
				A7112D102A862BE900091ECC /* Word.swift */,
				A795F7E72A866582007BF2FD /* Language.swift */,
				A75A4F652A87E37B007AD5AF /* WordLevels.swift */,
				A743BD922AA987BB00526271 /* BuilderWords.swift */,
				A743BD952AA98BF900526271 /* PhraseType.swift */,
				A76D267B2AAB336500126F32 /* TabItems.swift */,
			);
			path = Models;
			sourceTree = "<group>";
		};
		A7112D122A862BFB00091ECC /* ViewModels */ = {
			isa = PBXGroup;
			children = (
				A7112D132A862C2200091ECC /* WordsViewModel.swift */,
				A795F7B92A863C9B007BF2FD /* NumbersViewModel.swift */,
				A795F7C22A863E0E007BF2FD /* PhrasesViewModel.swift */,
				A795F7BB2A863CBB007BF2FD /* BaseViewModel.swift */,
				A70A34F02A8803B300A2671C /* SettingsViewModel.swift */,
				A743BD8F2AA97E1500526271 /* BuilderWordsViewModel.swift */,
				A743BD992AA9965D00526271 /* SearchViewModel.swift */,
				A7607F102AA9BF2400C5FAB5 /* TonesViewModel.swift */,
			);
			path = ViewModels;
			sourceTree = "<group>";
		};
		A7112D152A862CC300091ECC /* Views */ = {
			isa = PBXGroup;
			children = (
				A7112D162A862CD100091ECC /* WordsView.swift */,
				A7607F0E2AA9BF1000C5FAB5 /* TonesView.swift */,
				A795F7C02A863E03007BF2FD /* PhrasesView.swift */,
				A7112D1F2A863BC400091ECC /* NumbersView.swift */,
				A743BD8D2AA97DEB00526271 /* BuilderWordsView.swift */,
				A795F7ED2A866C2C007BF2FD /* Components */,
				A7607F122AA9C44E00C5FAB5 /* SettingsView */,
			);
			path = Views;
			sourceTree = "<group>";
		};
		A7112D1A2A862E2D00091ECC /* Ext */ = {
			isa = PBXGroup;
			children = (
				A7112D1B2A862E3800091ECC /* View+.swift */,
				A795F7F22A868203007BF2FD /* Text+.swift */,
				A797CD5E2A87BBB200AC790B /* Color+.swift */,
				A795F7F72A868D03007BF2FD /* Bundle+.swift */,
			);
			path = Ext;
			sourceTree = "<group>";
		};
		A7607F122AA9C44E00C5FAB5 /* SettingsView */ = {
			isa = PBXGroup;
			children = (
				A743BD972AA9961C00526271 /* SearchView.swift */,
				A797CD602A87BE1600AC790B /* SettingsView.swift */,
			);
			path = SettingsView;
			sourceTree = "<group>";
		};
		A795F7E42A86650C007BF2FD /* WordCell */ = {
			isa = PBXGroup;
			children = (
				A7112D182A862D1E00091ECC /* CellEnglish.swift */,
				A795F7E52A86655D007BF2FD /* CellThai.swift */,
				A795F7EB2A866726007BF2FD /* CellCard.swift */,
			);
			path = WordCell;
			sourceTree = "<group>";
		};
		A795F7ED2A866C2C007BF2FD /* Components */ = {
			isa = PBXGroup;
			children = (
				A797CD7F2A87C52300AC790B /* SwipeDelete */,
				A795F7E42A86650C007BF2FD /* WordCell */,
				A795F7EE2A866C39007BF2FD /* SectionView.swift */,
				A75A4F6B2A87ECCD007AD5AF /* LevelsSectionView.swift */,
				A75A4F672A87E4F2007AD5AF /* SectionCell.swift */,
				A75A4F692A87E954007AD5AF /* LevelsCell.swift */,
				A795F7F02A867EF7007BF2FD /* HeaderBar.swift */,
			);
			path = Components;
			sourceTree = "<group>";
		};
		A795F7F42A868CC2007BF2FD /* Data */ = {
			isa = PBXGroup;
			children = (
				A70A34F22A880B1700A2671C /* numbers.json */,
				A70A34F42A880B3100A2671C /* phrases.json */,
				A795F7F52A868CD4007BF2FD /* words.json */,
				A71E79B32AA9076C00AE4062 /* tones.json */,
				A71E79B92AA907E000AE4062 /* pronouns.json */,
				A71E79BC2AA9080000AE4062 /* daysoftheweek.json */,
				A71E79BF2AA9083100AE4062 /* adjectives.json */,
				A71E79C22AA9086000AE4062 /* verbs.json */,
				A71E79C52AA9088700AE4062 /* questions.json */,
				A71E79B52AA907B200AE4062 /* tenses.json */,
				A751B37F2AD4123300C00781 /* colors.json */,
				A751B3812AD4126100C00781 /* sentences.json */,
			);
			path = Data;
			sourceTree = "<group>";
		};
		A797CD7F2A87C52300AC790B /* SwipeDelete */ = {
			isa = PBXGroup;
			children = (
				A797CD802A87C54B00AC790B /* SwipeContainerCell.swift */,
				A797CD822A87CCA800AC790B /* CellButtons.swift */,
			);
			path = SwipeDelete;
			sourceTree = "<group>";
		};
/* End PBXGroup section */

/* Begin PBXNativeTarget section */
		A7112CFC2A862AAB00091ECC /* ThaiDai */ = {
			isa = PBXNativeTarget;
			buildConfigurationList = A7112D0C2A862AAC00091ECC /* Build configuration list for PBXNativeTarget "ThaiDai" */;
			buildPhases = (
				A7112CF92A862AAB00091ECC /* Sources */,
				A7112CFA2A862AAB00091ECC /* Frameworks */,
				A7112CFB2A862AAB00091ECC /* Resources */,
			);
			buildRules = (
			);
			dependencies = (
			);
			name = ThaiDai;
			productName = ThaiDai;
			productReference = A7112CFD2A862AAB00091ECC /* ThaiDai.app */;
			productType = "com.apple.product-type.application";
		};
/* End PBXNativeTarget section */

/* Begin PBXProject section */
		A7112CF52A862AAB00091ECC /* Project object */ = {
			isa = PBXProject;
			attributes = {
				BuildIndependentTargetsInParallel = 1;
				LastSwiftUpdateCheck = 1430;
				LastUpgradeCheck = 1430;
				TargetAttributes = {
					A7112CFC2A862AAB00091ECC = {
						CreatedOnToolsVersion = 14.3.1;
					};
				};
			};
			buildConfigurationList = A7112CF82A862AAB00091ECC /* Build configuration list for PBXProject "ThaiDai" */;
			compatibilityVersion = "Xcode 14.0";
			developmentRegion = en;
			hasScannedForEncodings = 0;
			knownRegions = (
				en,
				Base,
			);
			mainGroup = A7112CF42A862AAB00091ECC;
			productRefGroup = A7112CFE2A862AAB00091ECC /* Products */;
			projectDirPath = "";
			projectRoot = "";
			targets = (
				A7112CFC2A862AAB00091ECC /* ThaiDai */,
			);
		};
/* End PBXProject section */

/* Begin PBXResourcesBuildPhase section */
		A7112CFB2A862AAB00091ECC /* Resources */ = {
			isa = PBXResourcesBuildPhase;
			buildActionMask = 2147483647;
			files = (
				A71E79C42AA9086D00AE4062 /* verbs.json in Resources */,
				A7112D092A862AAC00091ECC /* Preview Assets.xcassets in Resources */,
				A751B3842AD413BF00C00781 /* phrases.json in Resources */,
				A71E79BE2AA9080D00AE4062 /* daysoftheweek.json in Resources */,
				A71E79B72AA907C100AE4062 /* tenses.json in Resources */,
				A71E79B82AA907C500AE4062 /* tones.json in Resources */,
				A743BD942AA9887F00526271 /* pronouns.json in Resources */,
				A751B3862AD41A1E00C00781 /* colors.json in Resources */,
				A795F7F92A868F96007BF2FD /* words.json in Resources */,
				A7BCB0932A8D2A700053415E /* numbers.json in Resources */,
				A751B3852AD4171200C00781 /* sentences.json in Resources */,
				A743BD912AA9808500526271 /* adjectives.json in Resources */,
				A751B3832AD413BB00C00781 /* questions.json in Resources */,
				A7112D052A862AAC00091ECC /* Assets.xcassets in Resources */,
			);
			runOnlyForDeploymentPostprocessing = 0;
		};
/* End PBXResourcesBuildPhase section */

/* Begin PBXSourcesBuildPhase section */
		A7112CF92A862AAB00091ECC /* Sources */ = {
			isa = PBXSourcesBuildPhase;
			buildActionMask = 2147483647;
			files = (
				A743BD962AA98BF900526271 /* PhraseType.swift in Sources */,
				A743BD9A2AA9965D00526271 /* SearchViewModel.swift in Sources */,
				A797CD612A87BE1600AC790B /* SettingsView.swift in Sources */,
				A795F7E62A86655D007BF2FD /* CellThai.swift in Sources */,
				A76D267C2AAB336500126F32 /* TabItems.swift in Sources */,
				A797CD5F2A87BBB200AC790B /* Color+.swift in Sources */,
				A743BD932AA987BB00526271 /* BuilderWords.swift in Sources */,
				A7112D032A862AAB00091ECC /* AppView.swift in Sources */,
				A743BD982AA9961C00526271 /* SearchView.swift in Sources */,
				A795F7EC2A866726007BF2FD /* CellCard.swift in Sources */,
				A795F7BC2A863CBB007BF2FD /* BaseViewModel.swift in Sources */,
				A795F7E82A866582007BF2FD /* Language.swift in Sources */,
				A75A4F682A87E4F2007AD5AF /* SectionCell.swift in Sources */,
				A7112D012A862AAB00091ECC /* ThaiDaiApp.swift in Sources */,
				A75A4F662A87E37B007AD5AF /* WordLevels.swift in Sources */,
				A795F7C32A863E0E007BF2FD /* PhrasesViewModel.swift in Sources */,
				A797CD832A87CCA800AC790B /* CellButtons.swift in Sources */,
				A795F7F12A867EF7007BF2FD /* HeaderBar.swift in Sources */,
				A795F7F32A868203007BF2FD /* Text+.swift in Sources */,
				A795F7F82A868D03007BF2FD /* Bundle+.swift in Sources */,
				A7112D142A862C2200091ECC /* WordsViewModel.swift in Sources */,
				A70A34F12A8803B300A2671C /* SettingsViewModel.swift in Sources */,
				A7112D202A863BC400091ECC /* NumbersView.swift in Sources */,
				A7112D172A862CD200091ECC /* WordsView.swift in Sources */,
				A7112D1C2A862E3800091ECC /* View+.swift in Sources */,
				A743BD8E2AA97DEB00526271 /* BuilderWordsView.swift in Sources */,
				A795F7BA2A863C9B007BF2FD /* NumbersViewModel.swift in Sources */,
				A795F7EF2A866C39007BF2FD /* SectionView.swift in Sources */,
				A743BD902AA97E1500526271 /* BuilderWordsViewModel.swift in Sources */,
				A75A4F6C2A87ECCD007AD5AF /* LevelsSectionView.swift in Sources */,
				A7112D192A862D1E00091ECC /* CellEnglish.swift in Sources */,
				A7607F0F2AA9BF1000C5FAB5 /* TonesView.swift in Sources */,
				A797CD862A87CF4200AC790B /* FileKeys.swift in Sources */,
				A795F7C12A863E03007BF2FD /* PhrasesView.swift in Sources */,
				A797CD812A87C54B00AC790B /* SwipeContainerCell.swift in Sources */,
				A7607F112AA9BF2400C5FAB5 /* TonesViewModel.swift in Sources */,
				A75A4F6A2A87E954007AD5AF /* LevelsCell.swift in Sources */,
				A7112D112A862BE900091ECC /* Word.swift in Sources */,
			);
			runOnlyForDeploymentPostprocessing = 0;
		};
/* End PBXSourcesBuildPhase section */

/* Begin XCBuildConfiguration section */
		A7112D0A2A862AAC00091ECC /* Debug */ = {
			isa = XCBuildConfiguration;
			buildSettings = {
				ALWAYS_SEARCH_USER_PATHS = NO;
				CLANG_ANALYZER_NONNULL = YES;
				CLANG_ANALYZER_NUMBER_OBJECT_CONVERSION = YES_AGGRESSIVE;
				CLANG_CXX_LANGUAGE_STANDARD = "gnu++20";
				CLANG_ENABLE_MODULES = YES;
				CLANG_ENABLE_OBJC_ARC = YES;
				CLANG_ENABLE_OBJC_WEAK = YES;
				CLANG_WARN_BLOCK_CAPTURE_AUTORELEASING = YES;
				CLANG_WARN_BOOL_CONVERSION = YES;
				CLANG_WARN_COMMA = YES;
				CLANG_WARN_CONSTANT_CONVERSION = YES;
				CLANG_WARN_DEPRECATED_OBJC_IMPLEMENTATIONS = YES;
				CLANG_WARN_DIRECT_OBJC_ISA_USAGE = YES_ERROR;
				CLANG_WARN_DOCUMENTATION_COMMENTS = YES;
				CLANG_WARN_EMPTY_BODY = YES;
				CLANG_WARN_ENUM_CONVERSION = YES;
				CLANG_WARN_INFINITE_RECURSION = YES;
				CLANG_WARN_INT_CONVERSION = YES;
				CLANG_WARN_NON_LITERAL_NULL_CONVERSION = YES;
				CLANG_WARN_OBJC_IMPLICIT_RETAIN_SELF = YES;
				CLANG_WARN_OBJC_LITERAL_CONVERSION = YES;
				CLANG_WARN_OBJC_ROOT_CLASS = YES_ERROR;
				CLANG_WARN_QUOTED_INCLUDE_IN_FRAMEWORK_HEADER = YES;
				CLANG_WARN_RANGE_LOOP_ANALYSIS = YES;
				CLANG_WARN_STRICT_PROTOTYPES = YES;
				CLANG_WARN_SUSPICIOUS_MOVE = YES;
				CLANG_WARN_UNGUARDED_AVAILABILITY = YES_AGGRESSIVE;
				CLANG_WARN_UNREACHABLE_CODE = YES;
				CLANG_WARN__DUPLICATE_METHOD_MATCH = YES;
				COPY_PHASE_STRIP = NO;
				DEBUG_INFORMATION_FORMAT = dwarf;
				ENABLE_STRICT_OBJC_MSGSEND = YES;
				ENABLE_TESTABILITY = YES;
				GCC_C_LANGUAGE_STANDARD = gnu11;
				GCC_DYNAMIC_NO_PIC = NO;
				GCC_NO_COMMON_BLOCKS = YES;
				GCC_OPTIMIZATION_LEVEL = 0;
				GCC_PREPROCESSOR_DEFINITIONS = (
					"DEBUG=1",
					"$(inherited)",
				);
				GCC_WARN_64_TO_32_BIT_CONVERSION = YES;
				GCC_WARN_ABOUT_RETURN_TYPE = YES_ERROR;
				GCC_WARN_UNDECLARED_SELECTOR = YES;
				GCC_WARN_UNINITIALIZED_AUTOS = YES_AGGRESSIVE;
				GCC_WARN_UNUSED_FUNCTION = YES;
				GCC_WARN_UNUSED_VARIABLE = YES;
				MTL_ENABLE_DEBUG_INFO = INCLUDE_SOURCE;
				MTL_FAST_MATH = YES;
				ONLY_ACTIVE_ARCH = YES;
				SWIFT_ACTIVE_COMPILATION_CONDITIONS = DEBUG;
				SWIFT_OPTIMIZATION_LEVEL = "-Onone";
			};
			name = Debug;
		};
		A7112D0B2A862AAC00091ECC /* Release */ = {
			isa = XCBuildConfiguration;
			buildSettings = {
				ALWAYS_SEARCH_USER_PATHS = NO;
				CLANG_ANALYZER_NONNULL = YES;
				CLANG_ANALYZER_NUMBER_OBJECT_CONVERSION = YES_AGGRESSIVE;
				CLANG_CXX_LANGUAGE_STANDARD = "gnu++20";
				CLANG_ENABLE_MODULES = YES;
				CLANG_ENABLE_OBJC_ARC = YES;
				CLANG_ENABLE_OBJC_WEAK = YES;
				CLANG_WARN_BLOCK_CAPTURE_AUTORELEASING = YES;
				CLANG_WARN_BOOL_CONVERSION = YES;
				CLANG_WARN_COMMA = YES;
				CLANG_WARN_CONSTANT_CONVERSION = YES;
				CLANG_WARN_DEPRECATED_OBJC_IMPLEMENTATIONS = YES;
				CLANG_WARN_DIRECT_OBJC_ISA_USAGE = YES_ERROR;
				CLANG_WARN_DOCUMENTATION_COMMENTS = YES;
				CLANG_WARN_EMPTY_BODY = YES;
				CLANG_WARN_ENUM_CONVERSION = YES;
				CLANG_WARN_INFINITE_RECURSION = YES;
				CLANG_WARN_INT_CONVERSION = YES;
				CLANG_WARN_NON_LITERAL_NULL_CONVERSION = YES;
				CLANG_WARN_OBJC_IMPLICIT_RETAIN_SELF = YES;
				CLANG_WARN_OBJC_LITERAL_CONVERSION = YES;
				CLANG_WARN_OBJC_ROOT_CLASS = YES_ERROR;
				CLANG_WARN_QUOTED_INCLUDE_IN_FRAMEWORK_HEADER = YES;
				CLANG_WARN_RANGE_LOOP_ANALYSIS = YES;
				CLANG_WARN_STRICT_PROTOTYPES = YES;
				CLANG_WARN_SUSPICIOUS_MOVE = YES;
				CLANG_WARN_UNGUARDED_AVAILABILITY = YES_AGGRESSIVE;
				CLANG_WARN_UNREACHABLE_CODE = YES;
				CLANG_WARN__DUPLICATE_METHOD_MATCH = YES;
				COPY_PHASE_STRIP = NO;
				DEBUG_INFORMATION_FORMAT = "dwarf-with-dsym";
				ENABLE_NS_ASSERTIONS = NO;
				ENABLE_STRICT_OBJC_MSGSEND = YES;
				GCC_C_LANGUAGE_STANDARD = gnu11;
				GCC_NO_COMMON_BLOCKS = YES;
				GCC_WARN_64_TO_32_BIT_CONVERSION = YES;
				GCC_WARN_ABOUT_RETURN_TYPE = YES_ERROR;
				GCC_WARN_UNDECLARED_SELECTOR = YES;
				GCC_WARN_UNINITIALIZED_AUTOS = YES_AGGRESSIVE;
				GCC_WARN_UNUSED_FUNCTION = YES;
				GCC_WARN_UNUSED_VARIABLE = YES;
				MTL_ENABLE_DEBUG_INFO = NO;
				MTL_FAST_MATH = YES;
				SWIFT_COMPILATION_MODE = wholemodule;
				SWIFT_OPTIMIZATION_LEVEL = "-O";
			};
			name = Release;
		};
		A7112D0D2A862AAC00091ECC /* Debug */ = {
			isa = XCBuildConfiguration;
			buildSettings = {
				ASSETCATALOG_COMPILER_APPICON_NAME = AppIcon;
				ASSETCATALOG_COMPILER_GLOBAL_ACCENT_COLOR_NAME = AccentColor;
				ASSETCATALOG_COMPILER_INCLUDE_ALL_APPICON_ASSETS = YES;
				CODE_SIGN_ENTITLEMENTS = ThaiDai/ThaiDai.entitlements;
				CODE_SIGN_STYLE = Automatic;
				CURRENT_PROJECT_VERSION = 4;
				DEVELOPMENT_ASSET_PATHS = "\"ThaiDai/Preview Content\"";
				DEVELOPMENT_TEAM = B9GKQ3WWHT;
				ENABLE_HARDENED_RUNTIME = YES;
				ENABLE_PREVIEWS = YES;
				GENERATE_INFOPLIST_FILE = YES;
				INFOPLIST_KEY_CFBundleDisplayName = ThaiDai;
				INFOPLIST_KEY_LSApplicationCategoryType = "public.app-category.education";
				"INFOPLIST_KEY_UIApplicationSceneManifest_Generation[sdk=iphoneos*]" = YES;
				"INFOPLIST_KEY_UIApplicationSceneManifest_Generation[sdk=iphonesimulator*]" = YES;
				"INFOPLIST_KEY_UIApplicationSupportsIndirectInputEvents[sdk=iphoneos*]" = YES;
				"INFOPLIST_KEY_UIApplicationSupportsIndirectInputEvents[sdk=iphonesimulator*]" = YES;
				"INFOPLIST_KEY_UILaunchScreen_Generation[sdk=iphoneos*]" = YES;
				"INFOPLIST_KEY_UILaunchScreen_Generation[sdk=iphonesimulator*]" = YES;
				"INFOPLIST_KEY_UIStatusBarStyle[sdk=iphoneos*]" = UIStatusBarStyleDefault;
				"INFOPLIST_KEY_UIStatusBarStyle[sdk=iphonesimulator*]" = UIStatusBarStyleDefault;
				INFOPLIST_KEY_UISupportedInterfaceOrientations_iPad = "UIInterfaceOrientationPortrait UIInterfaceOrientationPortraitUpsideDown UIInterfaceOrientationLandscapeLeft UIInterfaceOrientationLandscapeRight";
				INFOPLIST_KEY_UISupportedInterfaceOrientations_iPhone = "UIInterfaceOrientationPortrait UIInterfaceOrientationLandscapeLeft UIInterfaceOrientationLandscapeRight";
				IPHONEOS_DEPLOYMENT_TARGET = 16.4;
				LD_RUNPATH_SEARCH_PATHS = "@executable_path/Frameworks";
				"LD_RUNPATH_SEARCH_PATHS[sdk=macosx*]" = "@executable_path/../Frameworks";
				MACOSX_DEPLOYMENT_TARGET = 13.3;
				MARKETING_VERSION = 1.1.0;
				PRODUCT_BUNDLE_IDENTIFIER = co.chicks.ThaiDai;
				PRODUCT_NAME = "$(TARGET_NAME)";
				SDKROOT = auto;
				SUPPORTED_PLATFORMS = "iphoneos iphonesimulator macosx";
				SWIFT_EMIT_LOC_STRINGS = YES;
				SWIFT_VERSION = 5.0;
				TARGETED_DEVICE_FAMILY = "1,2";
			};
			name = Debug;
		};
		A7112D0E2A862AAC00091ECC /* Release */ = {
			isa = XCBuildConfiguration;
			buildSettings = {
				ASSETCATALOG_COMPILER_APPICON_NAME = AppIcon;
				ASSETCATALOG_COMPILER_GLOBAL_ACCENT_COLOR_NAME = AccentColor;
				ASSETCATALOG_COMPILER_INCLUDE_ALL_APPICON_ASSETS = YES;
				CODE_SIGN_ENTITLEMENTS = ThaiDai/ThaiDai.entitlements;
				CODE_SIGN_STYLE = Automatic;
				CURRENT_PROJECT_VERSION = 4;
				DEVELOPMENT_ASSET_PATHS = "\"ThaiDai/Preview Content\"";
				DEVELOPMENT_TEAM = B9GKQ3WWHT;
				ENABLE_HARDENED_RUNTIME = YES;
				ENABLE_PREVIEWS = YES;
				GENERATE_INFOPLIST_FILE = YES;
				INFOPLIST_KEY_CFBundleDisplayName = ThaiDai;
				INFOPLIST_KEY_LSApplicationCategoryType = "public.app-category.education";
				"INFOPLIST_KEY_UIApplicationSceneManifest_Generation[sdk=iphoneos*]" = YES;
				"INFOPLIST_KEY_UIApplicationSceneManifest_Generation[sdk=iphonesimulator*]" = YES;
				"INFOPLIST_KEY_UIApplicationSupportsIndirectInputEvents[sdk=iphoneos*]" = YES;
				"INFOPLIST_KEY_UIApplicationSupportsIndirectInputEvents[sdk=iphonesimulator*]" = YES;
				"INFOPLIST_KEY_UILaunchScreen_Generation[sdk=iphoneos*]" = YES;
				"INFOPLIST_KEY_UILaunchScreen_Generation[sdk=iphonesimulator*]" = YES;
				"INFOPLIST_KEY_UIStatusBarStyle[sdk=iphoneos*]" = UIStatusBarStyleDefault;
				"INFOPLIST_KEY_UIStatusBarStyle[sdk=iphonesimulator*]" = UIStatusBarStyleDefault;
				INFOPLIST_KEY_UISupportedInterfaceOrientations_iPad = "UIInterfaceOrientationPortrait UIInterfaceOrientationPortraitUpsideDown UIInterfaceOrientationLandscapeLeft UIInterfaceOrientationLandscapeRight";
				INFOPLIST_KEY_UISupportedInterfaceOrientations_iPhone = "UIInterfaceOrientationPortrait UIInterfaceOrientationLandscapeLeft UIInterfaceOrientationLandscapeRight";
				IPHONEOS_DEPLOYMENT_TARGET = 16.4;
				LD_RUNPATH_SEARCH_PATHS = "@executable_path/Frameworks";
				"LD_RUNPATH_SEARCH_PATHS[sdk=macosx*]" = "@executable_path/../Frameworks";
				MACOSX_DEPLOYMENT_TARGET = 13.3;
				MARKETING_VERSION = 1.1.0;
				PRODUCT_BUNDLE_IDENTIFIER = co.chicks.ThaiDai;
				PRODUCT_NAME = "$(TARGET_NAME)";
				SDKROOT = auto;
				SUPPORTED_PLATFORMS = "iphoneos iphonesimulator macosx";
				SWIFT_EMIT_LOC_STRINGS = YES;
				SWIFT_VERSION = 5.0;
				TARGETED_DEVICE_FAMILY = "1,2";
			};
			name = Release;
		};
/* End XCBuildConfiguration section */

/* Begin XCConfigurationList section */
		A7112CF82A862AAB00091ECC /* Build configuration list for PBXProject "ThaiDai" */ = {
			isa = XCConfigurationList;
			buildConfigurations = (
				A7112D0A2A862AAC00091ECC /* Debug */,
				A7112D0B2A862AAC00091ECC /* Release */,
			);
			defaultConfigurationIsVisible = 0;
			defaultConfigurationName = Release;
		};
		A7112D0C2A862AAC00091ECC /* Build configuration list for PBXNativeTarget "ThaiDai" */ = {
			isa = XCConfigurationList;
			buildConfigurations = (
				A7112D0D2A862AAC00091ECC /* Debug */,
				A7112D0E2A862AAC00091ECC /* Release */,
			);
			defaultConfigurationIsVisible = 0;
			defaultConfigurationName = Release;
		};
/* End XCConfigurationList section */
	};
	rootObject = A7112CF52A862AAB00091ECC /* Project object */;
}
