// !$*UTF8*$!
{
	archiveVersion = 1;
	classes = {
	};
	objectVersion = 56;
	objects = {

/* Begin PBXBuildFile section */
		A7112D012A862AAB00091ECC /* ThaiDaiApp.swift in Sources */ = {isa = PBXBuildFile; fileRef = A7112D002A862AAB00091ECC /* ThaiDaiApp.swift */; };
		A7112D032A862AAB00091ECC /* ContentView.swift in Sources */ = {isa = PBXBuildFile; fileRef = A7112D022A862AAB00091ECC /* ContentView.swift */; };
		A7112D052A862AAC00091ECC /* Assets.xcassets in Resources */ = {isa = PBXBuildFile; fileRef = A7112D042A862AAC00091ECC /* Assets.xcassets */; };
		A7112D092A862AAC00091ECC /* Preview Assets.xcassets in Resources */ = {isa = PBXBuildFile; fileRef = A7112D082A862AAC00091ECC /* Preview Assets.xcassets */; };
		A7112D112A862BE900091ECC /* Word.swift in Sources */ = {isa = PBXBuildFile; fileRef = A7112D102A862BE900091ECC /* Word.swift */; };
		A7112D142A862C2200091ECC /* WordsViewModel.swift in Sources */ = {isa = PBXBuildFile; fileRef = A7112D132A862C2200091ECC /* WordsViewModel.swift */; };
		A7112D172A862CD200091ECC /* WordsView.swift in Sources */ = {isa = PBXBuildFile; fileRef = A7112D162A862CD100091ECC /* WordsView.swift */; };
		A7112D192A862D1E00091ECC /* CellEnglish.swift in Sources */ = {isa = PBXBuildFile; fileRef = A7112D182A862D1E00091ECC /* CellEnglish.swift */; };
		A7112D1C2A862E3800091ECC /* View+.swift in Sources */ = {isa = PBXBuildFile; fileRef = A7112D1B2A862E3800091ECC /* View+.swift */; };
		A7112D202A863BC400091ECC /* NumbersView.swift in Sources */ = {isa = PBXBuildFile; fileRef = A7112D1F2A863BC400091ECC /* NumbersView.swift */; };
		A795F7BA2A863C9B007BF2FD /* NumbersViewModel.swift in Sources */ = {isa = PBXBuildFile; fileRef = A795F7B92A863C9B007BF2FD /* NumbersViewModel.swift */; };
		A795F7BC2A863CBB007BF2FD /* BaseViewModel.swift in Sources */ = {isa = PBXBuildFile; fileRef = A795F7BB2A863CBB007BF2FD /* BaseViewModel.swift */; };
		A795F7C12A863E03007BF2FD /* PhrasesView.swift in Sources */ = {isa = PBXBuildFile; fileRef = A795F7C02A863E03007BF2FD /* PhrasesView.swift */; };
		A795F7C32A863E0E007BF2FD /* PhrasesViewModel.swift in Sources */ = {isa = PBXBuildFile; fileRef = A795F7C22A863E0E007BF2FD /* PhrasesViewModel.swift */; };
		A795F7E62A86655D007BF2FD /* CellThai.swift in Sources */ = {isa = PBXBuildFile; fileRef = A795F7E52A86655D007BF2FD /* CellThai.swift */; };
		A795F7E82A866582007BF2FD /* Language.swift in Sources */ = {isa = PBXBuildFile; fileRef = A795F7E72A866582007BF2FD /* Language.swift */; };
		A795F7EC2A866726007BF2FD /* CellCard.swift in Sources */ = {isa = PBXBuildFile; fileRef = A795F7EB2A866726007BF2FD /* CellCard.swift */; };
/* End PBXBuildFile section */

/* Begin PBXFileReference section */
		A7112CFD2A862AAB00091ECC /* ThaiDai.app */ = {isa = PBXFileReference; explicitFileType = wrapper.application; includeInIndex = 0; path = ThaiDai.app; sourceTree = BUILT_PRODUCTS_DIR; };
		A7112D002A862AAB00091ECC /* ThaiDaiApp.swift */ = {isa = PBXFileReference; lastKnownFileType = sourcecode.swift; path = ThaiDaiApp.swift; sourceTree = "<group>"; };
		A7112D022A862AAB00091ECC /* ContentView.swift */ = {isa = PBXFileReference; lastKnownFileType = sourcecode.swift; path = ContentView.swift; sourceTree = "<group>"; };
		A7112D042A862AAC00091ECC /* Assets.xcassets */ = {isa = PBXFileReference; lastKnownFileType = folder.assetcatalog; path = Assets.xcassets; sourceTree = "<group>"; };
		A7112D062A862AAC00091ECC /* ThaiDai.entitlements */ = {isa = PBXFileReference; lastKnownFileType = text.plist.entitlements; path = ThaiDai.entitlements; sourceTree = "<group>"; };
		A7112D082A862AAC00091ECC /* Preview Assets.xcassets */ = {isa = PBXFileReference; lastKnownFileType = folder.assetcatalog; path = "Preview Assets.xcassets"; sourceTree = "<group>"; };
		A7112D102A862BE900091ECC /* Word.swift */ = {isa = PBXFileReference; lastKnownFileType = sourcecode.swift; path = Word.swift; sourceTree = "<group>"; };
		A7112D132A862C2200091ECC /* WordsViewModel.swift */ = {isa = PBXFileReference; lastKnownFileType = sourcecode.swift; path = WordsViewModel.swift; sourceTree = "<group>"; };
		A7112D162A862CD100091ECC /* WordsView.swift */ = {isa = PBXFileReference; lastKnownFileType = sourcecode.swift; path = WordsView.swift; sourceTree = "<group>"; };
		A7112D182A862D1E00091ECC /* CellEnglish.swift */ = {isa = PBXFileReference; lastKnownFileType = sourcecode.swift; path = CellEnglish.swift; sourceTree = "<group>"; };
		A7112D1B2A862E3800091ECC /* View+.swift */ = {isa = PBXFileReference; lastKnownFileType = sourcecode.swift; path = "View+.swift"; sourceTree = "<group>"; };
		A7112D1F2A863BC400091ECC /* NumbersView.swift */ = {isa = PBXFileReference; lastKnownFileType = sourcecode.swift; path = NumbersView.swift; sourceTree = "<group>"; };
		A795F7B92A863C9B007BF2FD /* NumbersViewModel.swift */ = {isa = PBXFileReference; lastKnownFileType = sourcecode.swift; path = NumbersViewModel.swift; sourceTree = "<group>"; };
		A795F7BB2A863CBB007BF2FD /* BaseViewModel.swift */ = {isa = PBXFileReference; lastKnownFileType = sourcecode.swift; path = BaseViewModel.swift; sourceTree = "<group>"; };
		A795F7C02A863E03007BF2FD /* PhrasesView.swift */ = {isa = PBXFileReference; lastKnownFileType = sourcecode.swift; path = PhrasesView.swift; sourceTree = "<group>"; };
		A795F7C22A863E0E007BF2FD /* PhrasesViewModel.swift */ = {isa = PBXFileReference; lastKnownFileType = sourcecode.swift; path = PhrasesViewModel.swift; sourceTree = "<group>"; };
		A795F7E52A86655D007BF2FD /* CellThai.swift */ = {isa = PBXFileReference; lastKnownFileType = sourcecode.swift; path = CellThai.swift; sourceTree = "<group>"; };
		A795F7E72A866582007BF2FD /* Language.swift */ = {isa = PBXFileReference; lastKnownFileType = sourcecode.swift; path = Language.swift; sourceTree = "<group>"; };
		A795F7EB2A866726007BF2FD /* CellCard.swift */ = {isa = PBXFileReference; lastKnownFileType = sourcecode.swift; path = CellCard.swift; sourceTree = "<group>"; };
/* End PBXFileReference section */

/* Begin PBXFrameworksBuildPhase section */
		A7112CFA2A862AAB00091ECC /* Frameworks */ = {
			isa = PBXFrameworksBuildPhase;
			buildActionMask = 2147483647;
			files = (
			);
			runOnlyForDeploymentPostprocessing = 0;
		};
/* End PBXFrameworksBuildPhase section */

/* Begin PBXGroup section */
		A7112CF42A862AAB00091ECC = {
			isa = PBXGroup;
			children = (
				A7112CFF2A862AAB00091ECC /* ThaiDai */,
				A7112CFE2A862AAB00091ECC /* Products */,
			);
			sourceTree = "<group>";
		};
		A7112CFE2A862AAB00091ECC /* Products */ = {
			isa = PBXGroup;
			children = (
				A7112CFD2A862AAB00091ECC /* ThaiDai.app */,
			);
			name = Products;
			sourceTree = "<group>";
		};
		A7112CFF2A862AAB00091ECC /* ThaiDai */ = {
			isa = PBXGroup;
			children = (
				A7112D002A862AAB00091ECC /* ThaiDaiApp.swift */,
				A7112D022A862AAB00091ECC /* ContentView.swift */,
				A7112D152A862CC300091ECC /* Views */,
				A7112D122A862BFB00091ECC /* ViewModels */,
				A7112D0F2A862BDF00091ECC /* Models */,
				A7112D1A2A862E2D00091ECC /* Ext */,
				A7112D042A862AAC00091ECC /* Assets.xcassets */,
				A7112D062A862AAC00091ECC /* ThaiDai.entitlements */,
				A7112D072A862AAC00091ECC /* Preview Content */,
			);
			path = ThaiDai;
			sourceTree = "<group>";
		};
		A7112D072A862AAC00091ECC /* Preview Content */ = {
			isa = PBXGroup;
			children = (
				A7112D082A862AAC00091ECC /* Preview Assets.xcassets */,
			);
			path = "Preview Content";
			sourceTree = "<group>";
		};
		A7112D0F2A862BDF00091ECC /* Models */ = {
			isa = PBXGroup;
			children = (
				A7112D102A862BE900091ECC /* Word.swift */,
				A795F7E72A866582007BF2FD /* Language.swift */,
			);
			path = Models;
			sourceTree = "<group>";
		};
		A7112D122A862BFB00091ECC /* ViewModels */ = {
			isa = PBXGroup;
			children = (
				A7112D132A862C2200091ECC /* WordsViewModel.swift */,
				A795F7B92A863C9B007BF2FD /* NumbersViewModel.swift */,
				A795F7C22A863E0E007BF2FD /* PhrasesViewModel.swift */,
				A795F7BB2A863CBB007BF2FD /* BaseViewModel.swift */,
			);
			path = ViewModels;
			sourceTree = "<group>";
		};
		A7112D152A862CC300091ECC /* Views */ = {
			isa = PBXGroup;
			children = (
				A795F7E42A86650C007BF2FD /* Cell */,
				A795F7BF2A863DF5007BF2FD /* PhrasesView */,
				A7112D1E2A863B8B00091ECC /* Numbers */,
				A7112D1D2A862EE700091ECC /* WordsView */,
			);
			path = Views;
			sourceTree = "<group>";
		};
		A7112D1A2A862E2D00091ECC /* Ext */ = {
			isa = PBXGroup;
			children = (
				A7112D1B2A862E3800091ECC /* View+.swift */,
			);
			path = Ext;
			sourceTree = "<group>";
		};
		A7112D1D2A862EE700091ECC /* WordsView */ = {
			isa = PBXGroup;
			children = (
				A7112D162A862CD100091ECC /* WordsView.swift */,
			);
			path = WordsView;
			sourceTree = "<group>";
		};
		A7112D1E2A863B8B00091ECC /* Numbers */ = {
			isa = PBXGroup;
			children = (
				A7112D1F2A863BC400091ECC /* NumbersView.swift */,
			);
			path = Numbers;
			sourceTree = "<group>";
		};
		A795F7BF2A863DF5007BF2FD /* PhrasesView */ = {
			isa = PBXGroup;
			children = (
				A795F7C02A863E03007BF2FD /* PhrasesView.swift */,
			);
			path = PhrasesView;
			sourceTree = "<group>";
		};
		A795F7E42A86650C007BF2FD /* Cell */ = {
			isa = PBXGroup;
			children = (
				A7112D182A862D1E00091ECC /* CellEnglish.swift */,
				A795F7E52A86655D007BF2FD /* CellThai.swift */,
				A795F7EB2A866726007BF2FD /* CellCard.swift */,
			);
			path = Cell;
			sourceTree = "<group>";
		};
/* End PBXGroup section */

/* Begin PBXNativeTarget section */
		A7112CFC2A862AAB00091ECC /* ThaiDai */ = {
			isa = PBXNativeTarget;
			buildConfigurationList = A7112D0C2A862AAC00091ECC /* Build configuration list for PBXNativeTarget "ThaiDai" */;
			buildPhases = (
				A7112CF92A862AAB00091ECC /* Sources */,
				A7112CFA2A862AAB00091ECC /* Frameworks */,
				A7112CFB2A862AAB00091ECC /* Resources */,
			);
			buildRules = (
			);
			dependencies = (
			);
			name = ThaiDai;
			productName = ThaiDai;
			productReference = A7112CFD2A862AAB00091ECC /* ThaiDai.app */;
			productType = "com.apple.product-type.application";
		};
/* End PBXNativeTarget section */

/* Begin PBXProject section */
		A7112CF52A862AAB00091ECC /* Project object */ = {
			isa = PBXProject;
			attributes = {
				BuildIndependentTargetsInParallel = 1;
				LastSwiftUpdateCheck = 1430;
				LastUpgradeCheck = 1430;
				TargetAttributes = {
					A7112CFC2A862AAB00091ECC = {
						CreatedOnToolsVersion = 14.3.1;
					};
				};
			};
			buildConfigurationList = A7112CF82A862AAB00091ECC /* Build configuration list for PBXProject "ThaiDai" */;
			compatibilityVersion = "Xcode 14.0";
			developmentRegion = en;
			hasScannedForEncodings = 0;
			knownRegions = (
				en,
				Base,
			);
			mainGroup = A7112CF42A862AAB00091ECC;
			productRefGroup = A7112CFE2A862AAB00091ECC /* Products */;
			projectDirPath = "";
			projectRoot = "";
			targets = (
				A7112CFC2A862AAB00091ECC /* ThaiDai */,
			);
		};
/* End PBXProject section */

/* Begin PBXResourcesBuildPhase section */
		A7112CFB2A862AAB00091ECC /* Resources */ = {
			isa = PBXResourcesBuildPhase;
			buildActionMask = 2147483647;
			files = (
				A7112D092A862AAC00091ECC /* Preview Assets.xcassets in Resources */,
				A7112D052A862AAC00091ECC /* Assets.xcassets in Resources */,
			);
			runOnlyForDeploymentPostprocessing = 0;
		};
/* End PBXResourcesBuildPhase section */

/* Begin PBXSourcesBuildPhase section */
		A7112CF92A862AAB00091ECC /* Sources */ = {
			isa = PBXSourcesBuildPhase;
			buildActionMask = 2147483647;
			files = (
				A795F7E62A86655D007BF2FD /* CellThai.swift in Sources */,
				A7112D032A862AAB00091ECC /* ContentView.swift in Sources */,
				A795F7EC2A866726007BF2FD /* CellCard.swift in Sources */,
				A795F7BC2A863CBB007BF2FD /* BaseViewModel.swift in Sources */,
				A795F7E82A866582007BF2FD /* Language.swift in Sources */,
				A7112D012A862AAB00091ECC /* ThaiDaiApp.swift in Sources */,
				A795F7C32A863E0E007BF2FD /* PhrasesViewModel.swift in Sources */,
				A7112D142A862C2200091ECC /* WordsViewModel.swift in Sources */,
				A7112D202A863BC400091ECC /* NumbersView.swift in Sources */,
				A7112D172A862CD200091ECC /* WordsView.swift in Sources */,
				A7112D1C2A862E3800091ECC /* View+.swift in Sources */,
				A795F7BA2A863C9B007BF2FD /* NumbersViewModel.swift in Sources */,
				A7112D192A862D1E00091ECC /* CellEnglish.swift in Sources */,
				A795F7C12A863E03007BF2FD /* PhrasesView.swift in Sources */,
				A7112D112A862BE900091ECC /* Word.swift in Sources */,
			);
			runOnlyForDeploymentPostprocessing = 0;
		};
/* End PBXSourcesBuildPhase section */

/* Begin XCBuildConfiguration section */
		A7112D0A2A862AAC00091ECC /* Debug */ = {
			isa = XCBuildConfiguration;
			buildSettings = {
				ALWAYS_SEARCH_USER_PATHS = NO;
				CLANG_ANALYZER_NONNULL = YES;
				CLANG_ANALYZER_NUMBER_OBJECT_CONVERSION = YES_AGGRESSIVE;
				CLANG_CXX_LANGUAGE_STANDARD = "gnu++20";
				CLANG_ENABLE_MODULES = YES;
				CLANG_ENABLE_OBJC_ARC = YES;
				CLANG_ENABLE_OBJC_WEAK = YES;
				CLANG_WARN_BLOCK_CAPTURE_AUTORELEASING = YES;
				CLANG_WARN_BOOL_CONVERSION = YES;
				CLANG_WARN_COMMA = YES;
				CLANG_WARN_CONSTANT_CONVERSION = YES;
				CLANG_WARN_DEPRECATED_OBJC_IMPLEMENTATIONS = YES;
				CLANG_WARN_DIRECT_OBJC_ISA_USAGE = YES_ERROR;
				CLANG_WARN_DOCUMENTATION_COMMENTS = YES;
				CLANG_WARN_EMPTY_BODY = YES;
				CLANG_WARN_ENUM_CONVERSION = YES;
				CLANG_WARN_INFINITE_RECURSION = YES;
				CLANG_WARN_INT_CONVERSION = YES;
				CLANG_WARN_NON_LITERAL_NULL_CONVERSION = YES;
				CLANG_WARN_OBJC_IMPLICIT_RETAIN_SELF = YES;
				CLANG_WARN_OBJC_LITERAL_CONVERSION = YES;
				CLANG_WARN_OBJC_ROOT_CLASS = YES_ERROR;
				CLANG_WARN_QUOTED_INCLUDE_IN_FRAMEWORK_HEADER = YES;
				CLANG_WARN_RANGE_LOOP_ANALYSIS = YES;
				CLANG_WARN_STRICT_PROTOTYPES = YES;
				CLANG_WARN_SUSPICIOUS_MOVE = YES;
				CLANG_WARN_UNGUARDED_AVAILABILITY = YES_AGGRESSIVE;
				CLANG_WARN_UNREACHABLE_CODE = YES;
				CLANG_WARN__DUPLICATE_METHOD_MATCH = YES;
				COPY_PHASE_STRIP = NO;
				DEBUG_INFORMATION_FORMAT = dwarf;
				ENABLE_STRICT_OBJC_MSGSEND = YES;
				ENABLE_TESTABILITY = YES;
				GCC_C_LANGUAGE_STANDARD = gnu11;
				GCC_DYNAMIC_NO_PIC = NO;
				GCC_NO_COMMON_BLOCKS = YES;
				GCC_OPTIMIZATION_LEVEL = 0;
				GCC_PREPROCESSOR_DEFINITIONS = (
					"DEBUG=1",
					"$(inherited)",
				);
				GCC_WARN_64_TO_32_BIT_CONVERSION = YES;
				GCC_WARN_ABOUT_RETURN_TYPE = YES_ERROR;
				GCC_WARN_UNDECLARED_SELECTOR = YES;
				GCC_WARN_UNINITIALIZED_AUTOS = YES_AGGRESSIVE;
				GCC_WARN_UNUSED_FUNCTION = YES;
				GCC_WARN_UNUSED_VARIABLE = YES;
				MTL_ENABLE_DEBUG_INFO = INCLUDE_SOURCE;
				MTL_FAST_MATH = YES;
				ONLY_ACTIVE_ARCH = YES;
				SWIFT_ACTIVE_COMPILATION_CONDITIONS = DEBUG;
				SWIFT_OPTIMIZATION_LEVEL = "-Onone";
			};
			name = Debug;
		};
		A7112D0B2A862AAC00091ECC /* Release */ = {
			isa = XCBuildConfiguration;
			buildSettings = {
				ALWAYS_SEARCH_USER_PATHS = NO;
				CLANG_ANALYZER_NONNULL = YES;
				CLANG_ANALYZER_NUMBER_OBJECT_CONVERSION = YES_AGGRESSIVE;
				CLANG_CXX_LANGUAGE_STANDARD = "gnu++20";
				CLANG_ENABLE_MODULES = YES;
				CLANG_ENABLE_OBJC_ARC = YES;
				CLANG_ENABLE_OBJC_WEAK = YES;
				CLANG_WARN_BLOCK_CAPTURE_AUTORELEASING = YES;
				CLANG_WARN_BOOL_CONVERSION = YES;
				CLANG_WARN_COMMA = YES;
				CLANG_WARN_CONSTANT_CONVERSION = YES;
				CLANG_WARN_DEPRECATED_OBJC_IMPLEMENTATIONS = YES;
				CLANG_WARN_DIRECT_OBJC_ISA_USAGE = YES_ERROR;
				CLANG_WARN_DOCUMENTATION_COMMENTS = YES;
				CLANG_WARN_EMPTY_BODY = YES;
				CLANG_WARN_ENUM_CONVERSION = YES;
				CLANG_WARN_INFINITE_RECURSION = YES;
				CLANG_WARN_INT_CONVERSION = YES;
				CLANG_WARN_NON_LITERAL_NULL_CONVERSION = YES;
				CLANG_WARN_OBJC_IMPLICIT_RETAIN_SELF = YES;
				CLANG_WARN_OBJC_LITERAL_CONVERSION = YES;
				CLANG_WARN_OBJC_ROOT_CLASS = YES_ERROR;
				CLANG_WARN_QUOTED_INCLUDE_IN_FRAMEWORK_HEADER = YES;
				CLANG_WARN_RANGE_LOOP_ANALYSIS = YES;
				CLANG_WARN_STRICT_PROTOTYPES = YES;
				CLANG_WARN_SUSPICIOUS_MOVE = YES;
				CLANG_WARN_UNGUARDED_AVAILABILITY = YES_AGGRESSIVE;
				CLANG_WARN_UNREACHABLE_CODE = YES;
				CLANG_WARN__DUPLICATE_METHOD_MATCH = YES;
				COPY_PHASE_STRIP = NO;
				DEBUG_INFORMATION_FORMAT = "dwarf-with-dsym";
				ENABLE_NS_ASSERTIONS = NO;
				ENABLE_STRICT_OBJC_MSGSEND = YES;
				GCC_C_LANGUAGE_STANDARD = gnu11;
				GCC_NO_COMMON_BLOCKS = YES;
				GCC_WARN_64_TO_32_BIT_CONVERSION = YES;
				GCC_WARN_ABOUT_RETURN_TYPE = YES_ERROR;
				GCC_WARN_UNDECLARED_SELECTOR = YES;
				GCC_WARN_UNINITIALIZED_AUTOS = YES_AGGRESSIVE;
				GCC_WARN_UNUSED_FUNCTION = YES;
				GCC_WARN_UNUSED_VARIABLE = YES;
				MTL_ENABLE_DEBUG_INFO = NO;
				MTL_FAST_MATH = YES;
				SWIFT_COMPILATION_MODE = wholemodule;
				SWIFT_OPTIMIZATION_LEVEL = "-O";
			};
			name = Release;
		};
		A7112D0D2A862AAC00091ECC /* Debug */ = {
			isa = XCBuildConfiguration;
			buildSettings = {
				ASSETCATALOG_COMPILER_APPICON_NAME = AppIcon;
				ASSETCATALOG_COMPILER_GLOBAL_ACCENT_COLOR_NAME = AccentColor;
				ASSETCATALOG_COMPILER_INCLUDE_ALL_APPICON_ASSETS = YES;
				CODE_SIGN_ENTITLEMENTS = ThaiDai/ThaiDai.entitlements;
				CODE_SIGN_STYLE = Automatic;
				CURRENT_PROJECT_VERSION = 1;
				DEVELOPMENT_ASSET_PATHS = "\"ThaiDai/Preview Content\"";
				DEVELOPMENT_TEAM = B9GKQ3WWHT;
				ENABLE_HARDENED_RUNTIME = YES;
				ENABLE_PREVIEWS = YES;
				GENERATE_INFOPLIST_FILE = YES;
				"INFOPLIST_KEY_UIApplicationSceneManifest_Generation[sdk=iphoneos*]" = YES;
				"INFOPLIST_KEY_UIApplicationSceneManifest_Generation[sdk=iphonesimulator*]" = YES;
				"INFOPLIST_KEY_UIApplicationSupportsIndirectInputEvents[sdk=iphoneos*]" = YES;
				"INFOPLIST_KEY_UIApplicationSupportsIndirectInputEvents[sdk=iphonesimulator*]" = YES;
				"INFOPLIST_KEY_UILaunchScreen_Generation[sdk=iphoneos*]" = YES;
				"INFOPLIST_KEY_UILaunchScreen_Generation[sdk=iphonesimulator*]" = YES;
				"INFOPLIST_KEY_UIStatusBarStyle[sdk=iphoneos*]" = UIStatusBarStyleDefault;
				"INFOPLIST_KEY_UIStatusBarStyle[sdk=iphonesimulator*]" = UIStatusBarStyleDefault;
				INFOPLIST_KEY_UISupportedInterfaceOrientations_iPad = "UIInterfaceOrientationPortrait UIInterfaceOrientationPortraitUpsideDown UIInterfaceOrientationLandscapeLeft UIInterfaceOrientationLandscapeRight";
				INFOPLIST_KEY_UISupportedInterfaceOrientations_iPhone = "UIInterfaceOrientationPortrait UIInterfaceOrientationLandscapeLeft UIInterfaceOrientationLandscapeRight";
				IPHONEOS_DEPLOYMENT_TARGET = 16.4;
				LD_RUNPATH_SEARCH_PATHS = "@executable_path/Frameworks";
				"LD_RUNPATH_SEARCH_PATHS[sdk=macosx*]" = "@executable_path/../Frameworks";
				MACOSX_DEPLOYMENT_TARGET = 13.3;
				MARKETING_VERSION = 1.0;
				PRODUCT_BUNDLE_IDENTIFIER = co.chicks.ThaiDai;
				PRODUCT_NAME = "$(TARGET_NAME)";
				SDKROOT = auto;
				SUPPORTED_PLATFORMS = "iphoneos iphonesimulator macosx";
				SWIFT_EMIT_LOC_STRINGS = YES;
				SWIFT_VERSION = 5.0;
				TARGETED_DEVICE_FAMILY = "1,2";
			};
			name = Debug;
		};
		A7112D0E2A862AAC00091ECC /* Release */ = {
			isa = XCBuildConfiguration;
			buildSettings = {
				ASSETCATALOG_COMPILER_APPICON_NAME = AppIcon;
				ASSETCATALOG_COMPILER_GLOBAL_ACCENT_COLOR_NAME = AccentColor;
				ASSETCATALOG_COMPILER_INCLUDE_ALL_APPICON_ASSETS = YES;
				CODE_SIGN_ENTITLEMENTS = ThaiDai/ThaiDai.entitlements;
				CODE_SIGN_STYLE = Automatic;
				CURRENT_PROJECT_VERSION = 1;
				DEVELOPMENT_ASSET_PATHS = "\"ThaiDai/Preview Content\"";
				DEVELOPMENT_TEAM = B9GKQ3WWHT;
				ENABLE_HARDENED_RUNTIME = YES;
				ENABLE_PREVIEWS = YES;
				GENERATE_INFOPLIST_FILE = YES;
				"INFOPLIST_KEY_UIApplicationSceneManifest_Generation[sdk=iphoneos*]" = YES;
				"INFOPLIST_KEY_UIApplicationSceneManifest_Generation[sdk=iphonesimulator*]" = YES;
				"INFOPLIST_KEY_UIApplicationSupportsIndirectInputEvents[sdk=iphoneos*]" = YES;
				"INFOPLIST_KEY_UIApplicationSupportsIndirectInputEvents[sdk=iphonesimulator*]" = YES;
				"INFOPLIST_KEY_UILaunchScreen_Generation[sdk=iphoneos*]" = YES;
				"INFOPLIST_KEY_UILaunchScreen_Generation[sdk=iphonesimulator*]" = YES;
				"INFOPLIST_KEY_UIStatusBarStyle[sdk=iphoneos*]" = UIStatusBarStyleDefault;
				"INFOPLIST_KEY_UIStatusBarStyle[sdk=iphonesimulator*]" = UIStatusBarStyleDefault;
				INFOPLIST_KEY_UISupportedInterfaceOrientations_iPad = "UIInterfaceOrientationPortrait UIInterfaceOrientationPortraitUpsideDown UIInterfaceOrientationLandscapeLeft UIInterfaceOrientationLandscapeRight";
				INFOPLIST_KEY_UISupportedInterfaceOrientations_iPhone = "UIInterfaceOrientationPortrait UIInterfaceOrientationLandscapeLeft UIInterfaceOrientationLandscapeRight";
				IPHONEOS_DEPLOYMENT_TARGET = 16.4;
				LD_RUNPATH_SEARCH_PATHS = "@executable_path/Frameworks";
				"LD_RUNPATH_SEARCH_PATHS[sdk=macosx*]" = "@executable_path/../Frameworks";
				MACOSX_DEPLOYMENT_TARGET = 13.3;
				MARKETING_VERSION = 1.0;
				PRODUCT_BUNDLE_IDENTIFIER = co.chicks.ThaiDai;
				PRODUCT_NAME = "$(TARGET_NAME)";
				SDKROOT = auto;
				SUPPORTED_PLATFORMS = "iphoneos iphonesimulator macosx";
				SWIFT_EMIT_LOC_STRINGS = YES;
				SWIFT_VERSION = 5.0;
				TARGETED_DEVICE_FAMILY = "1,2";
			};
			name = Release;
		};
/* End XCBuildConfiguration section */

/* Begin XCConfigurationList section */
		A7112CF82A862AAB00091ECC /* Build configuration list for PBXProject "ThaiDai" */ = {
			isa = XCConfigurationList;
			buildConfigurations = (
				A7112D0A2A862AAC00091ECC /* Debug */,
				A7112D0B2A862AAC00091ECC /* Release */,
			);
			defaultConfigurationIsVisible = 0;
			defaultConfigurationName = Release;
		};
		A7112D0C2A862AAC00091ECC /* Build configuration list for PBXNativeTarget "ThaiDai" */ = {
			isa = XCConfigurationList;
			buildConfigurations = (
				A7112D0D2A862AAC00091ECC /* Debug */,
				A7112D0E2A862AAC00091ECC /* Release */,
			);
			defaultConfigurationIsVisible = 0;
			defaultConfigurationName = Release;
		};
/* End XCConfigurationList section */
	};
	rootObject = A7112CF52A862AAB00091ECC /* Project object */;
}
